
Microsoft Visual Studio Solution File, Format Version 12.00
# Visual Studio Version 16
VisualStudioVersion = 16.0.31624.102
MinimumVisualStudioVersion = 10.0.40219.1
Project("{9A19103F-16F7-4668-BE54-9A1E7A4F7556}") = "ParkyAPI", "ParkyAPI\ParkyAPI.csproj", "{9B2B7AB2-727C-413A-A3AF-56466BF8111D}"
EndProject
Project("{FAE04EC0-301F-11D3-BF4B-00C04F79EFBC}") = "ParkyWebMVC", "ParkyWebMVC\ParkyWebMVC.csproj", "{DEC96B76-ECB8-41BF-A226-9537BBEDF6D6}"
EndProject
Global
	GlobalSection(SolutionConfigurationPlatforms) = preSolution
		Debug|Any CPU = Debug|Any CPU
		Release|Any CPU = Release|Any CPU
	EndGlobalSection
	GlobalSection(ProjectConfigurationPlatforms) = postSolution
		{9B2B7AB2-727C-413A-A3AF-56466BF8111D}.Debug|Any CPU.ActiveCfg = Debug|Any CPU
		{9B2B7AB2-727C-413A-A3AF-56466BF8111D}.Debug|Any CPU.Build.0 = Debug|Any CPU
		{9B2B7AB2-727C-413A-A3AF-56466BF8111D}.Release|Any CPU.ActiveCfg = Release|Any CPU
		{9B2B7AB2-727C-413A-A3AF-56466BF8111D}.Release|Any CPU.Build.0 = Release|Any CPU
		{DEC96B76-ECB8-41BF-A226-9537BBEDF6D6}.Debug|Any CPU.ActiveCfg = Debug|Any CPU
		{DEC96B76-ECB8-41BF-A226-9537BBEDF6D6}.Debug|Any CPU.Build.0 = Debug|Any CPU
		{DEC96B76-ECB8-41BF-A226-9537BBEDF6D6}.Release|Any CPU.ActiveCfg = Release|Any CPU
		{DEC96B76-ECB8-41BF-A226-9537BBEDF6D6}.Release|Any CPU.Build.0 = Release|Any CPU
	EndGlobalSection
	GlobalSection(SolutionProperties) = preSolution
		HideSolutionNode = FALSE
	EndGlobalSection
	GlobalSection(ExtensibilityGlobals) = postSolution
		SolutionGuid = {1426F208-2BB2-45AA-809F-59D66B16C35C}
	EndGlobalSection
EndGlobal
